
Microsoft Visual Studio Solution File, Format Version 12.00
# Visual Studio Version 17
VisualStudioVersion = 17.1.32210.238
MinimumVisualStudioVersion = 10.0.40219.1
Project("{FAE04EC0-301F-11D3-BF4B-00C04F79EFBC}") = "Проект_заказ", "Проект_заказ\Проект_заказ.csproj", "{79DAA6CA-6EEF-4CFD-9FD7-97E35DB49907}"
EndProject
Global
	GlobalSection(SolutionConfigurationPlatforms) = preSolution
		Debug|Any CPU = Debug|Any CPU
		Release|Any CPU = Release|Any CPU
	EndGlobalSection
	GlobalSection(ProjectConfigurationPlatforms) = postSolution
		{79DAA6CA-6EEF-4CFD-9FD7-97E35DB49907}.Debug|Any CPU.ActiveCfg = Debug|Any CPU
		{79DAA6CA-6EEF-4CFD-9FD7-97E35DB49907}.Debug|Any CPU.Build.0 = Debug|Any CPU
		{79DAA6CA-6EEF-4CFD-9FD7-97E35DB49907}.Release|Any CPU.ActiveCfg = Release|Any CPU
		{79DAA6CA-6EEF-4CFD-9FD7-97E35DB49907}.Release|Any CPU.Build.0 = Release|Any CPU
	EndGlobalSection
	GlobalSection(SolutionProperties) = preSolution
		HideSolutionNode = FALSE
	EndGlobalSection
	GlobalSection(ExtensibilityGlobals) = postSolution
		SolutionGuid = {57693DD6-1F20-4655-A68F-E2C2B0846485}
	EndGlobalSection
EndGlobal
